Microsoft Visual Studio Solution File, Format Version 12.00
# Visual Studio 2012
Project("{FAE04EC0-301F-11D3-BF4B-00C04F79EFBC}") = "WInd", "WInd.csproj", "{1A634272-C372-4F0D-920A-01D3774B08C0}"
EndProject
Global
	GlobalSection(SolutionConfigurationPlatforms) = preSolution
	Debug|Any CPU = Debug|Any CPU
	ExportDebug|Any CPU = ExportDebug|Any CPU
	ExportRelease|Any CPU = ExportRelease|Any CPU
	EndGlobalSection
	GlobalSection(ProjectConfigurationPlatforms) = postSolution
		{1A634272-C372-4F0D-920A-01D3774B08C0}.Debug|Any CPU.ActiveCfg = Debug|Any CPU
		{1A634272-C372-4F0D-920A-01D3774B08C0}.Debug|Any CPU.Build.0 = Debug|Any CPU
		{1A634272-C372-4F0D-920A-01D3774B08C0}.ExportDebug|Any CPU.ActiveCfg = ExportDebug|Any CPU
		{1A634272-C372-4F0D-920A-01D3774B08C0}.ExportDebug|Any CPU.Build.0 = ExportDebug|Any CPU
		{1A634272-C372-4F0D-920A-01D3774B08C0}.ExportRelease|Any CPU.ActiveCfg = ExportRelease|Any CPU
		{1A634272-C372-4F0D-920A-01D3774B08C0}.ExportRelease|Any CPU.Build.0 = ExportRelease|Any CPU
	EndGlobalSection
EndGlobal
